# This file is automatically @generated by Cargo.
# It is not intended for manual editing.
[[package]]
name = "cc"
version = "1.0.38"
source = "registry+https://github.com/rust-lang/crates.io-index"

[[package]]
name = "ruspiro-allocator"
version = "0.1.0"
source = "registry+https://github.com/rust-lang/crates.io-index"
dependencies = [
 "cc 1.0.38 (registry+https://github.com/rust-lang/crates.io-index)",
]

[[package]]
name = "ruspiro-console"
version = "0.1.0"
dependencies = [
 "ruspiro-allocator 0.1.0 (registry+https://github.com/rust-lang/crates.io-index)",
 "ruspiro-singleton 0.1.0 (registry+https://github.com/rust-lang/crates.io-index)",
]

[[package]]
name = "ruspiro-lock"
version = "0.1.0"
source = "registry+https://github.com/rust-lang/crates.io-index"

[[package]]
name = "ruspiro-singleton"
version = "0.1.0"
source = "registry+https://github.com/rust-lang/crates.io-index"
dependencies = [
 "ruspiro-lock 0.1.0 (registry+https://github.com/rust-lang/crates.io-index)",
]

[metadata]
"checksum cc 1.0.38 (registry+https://github.com/rust-lang/crates.io-index)" = "ce400c638d48ee0e9ab75aef7997609ec57367ccfe1463f21bf53c3eca67bf46"
"checksum ruspiro-allocator 0.1.0 (registry+https://github.com/rust-lang/crates.io-index)" = "c230d044ae57bcd10aaf6d3f1f27c44990b7900cd229463f1990a5c826f10e8a"
"checksum ruspiro-lock 0.1.0 (registry+https://github.com/rust-lang/crates.io-index)" = "5655fe05fe4b90dc84698371cf0d7db487c6826933017ae199d908cb2a96e9bc"
"checksum ruspiro-singleton 0.1.0 (registry+https://github.com/rust-lang/crates.io-index)" = "03fbde4c1f1bc3a4cc88ad0e8f33e20ff7397a87a11b9856edea412e4bef863d"
