# This file is automatically @generated by Cargo.
# It is not intended for manual editing.
[[package]]
name = "cfg-if"
version = "0.1.10"
source = "registry+https://github.com/rust-lang/crates.io-index"
checksum = "4785bdd1c96b2a846b2bd7cc02e86b6b3dbf14e7e53446c4f54c92a361040822"

[[package]]
name = "log"
version = "0.4.13"
source = "registry+https://github.com/rust-lang/crates.io-index"
checksum = "fcf3805d4480bb5b86070dcfeb9e2cb2ebc148adb753c5cca5f884d1d65a42b2"
dependencies = [
 "cfg-if",
]

[[package]]
name = "ruspiro-console"
version = "0.5.1"
dependencies = [
 "log",
 "ruspiro-singleton",
]

[[package]]
name = "ruspiro-lock"
version = "0.4.1"
source = "registry+https://github.com/rust-lang/crates.io-index"
checksum = "ee9fe114bf569c81cc3b9cd93e86724f3242c622a8c40732ec1ebd4920b24291"

[[package]]
name = "ruspiro-singleton"
version = "0.4.1"
source = "git+https://github.com/RusPiRo/ruspiro-singleton.git#6f243c65d0b9b1eb6e537ba1eb4b0c66fc993e2d"
dependencies = [
 "ruspiro-lock",
]
