# This file is automatically @generated by Cargo.
# It is not intended for manual editing.
[[package]]
name = "cc"
version = "1.0.38"
source = "registry+https://github.com/rust-lang/crates.io-index"

[[package]]
name = "ruspiro-allocator"
version = "0.0.1"
source = "git+https://github.com/RusPiRo/ruspiro-allocator?tag=v0.0.1#3ff4c227838a30125e8753fcac9f73f15e362d96"
dependencies = [
 "cc 1.0.38 (registry+https://github.com/rust-lang/crates.io-index)",
]

[[package]]
name = "ruspiro-console"
version = "0.0.1"
dependencies = [
 "ruspiro-allocator 0.0.1 (git+https://github.com/RusPiRo/ruspiro-allocator?tag=v0.0.1)",
 "ruspiro-singleton 0.0.1 (git+https://github.com/RusPiRo/ruspiro-singleton?tag=v0.0.1)",
]

[[package]]
name = "ruspiro-lock"
version = "0.0.1"
source = "git+https://github.com/RusPiRo/ruspiro-lock?tag=v0.0.1#8d273ea7c138531c696df03ce3574cfce651eb52"

[[package]]
name = "ruspiro-singleton"
version = "0.0.1"
source = "git+https://github.com/RusPiRo/ruspiro-singleton?tag=v0.0.1#2c16af58f00e3b33fee4508bc2c9646a3db9e9c9"
dependencies = [
 "ruspiro-lock 0.0.1 (git+https://github.com/RusPiRo/ruspiro-lock?tag=v0.0.1)",
]

[metadata]
"checksum cc 1.0.38 (registry+https://github.com/rust-lang/crates.io-index)" = "ce400c638d48ee0e9ab75aef7997609ec57367ccfe1463f21bf53c3eca67bf46"
"checksum ruspiro-allocator 0.0.1 (git+https://github.com/RusPiRo/ruspiro-allocator?tag=v0.0.1)" = "<none>"
"checksum ruspiro-lock 0.0.1 (git+https://github.com/RusPiRo/ruspiro-lock?tag=v0.0.1)" = "<none>"
"checksum ruspiro-singleton 0.0.1 (git+https://github.com/RusPiRo/ruspiro-singleton?tag=v0.0.1)" = "<none>"
